dependencies:
  idf:
    component_hash: null
    source:
      type: idf
    version: 5.2.1
  protocol_examples_common:
    component_hash: null
    source:
      path: C:\Users\ongar\esp\v5.2.1\esp-idf\examples\common_components\protocol_examples_common
      type: local
    version: '*'
manifest_hash: a122cf98111e945e3b7d5018a317330d0b5f1131259f8154d587e165405c555b
target: esp32c3
version: 1.0.0
