dependencies:
  idf:
    component_hash: null
    source:
      type: idf
    version: 5.2.1
  protocol_examples_common:
    component_hash: null
    source:
      path: C:\Users\ongar\esp\v5.2.1\esp-idf\examples\common_components\protocol_examples_common
      type: local
    version: '*'
manifest_hash: f85afbc2b1220c3872072125a61caf97603e07df4bf81e81319873f3efc71ba5
target: esp32c3
version: 1.0.0
